
Microsoft Visual Studio Solution File, Format Version 12.00
# Visual Studio 15
VisualStudioVersion = 15.0.26403.3
MinimumVisualStudioVersion = 10.0.40219.1
Project("{FAE04EC0-301F-11D3-BF4B-00C04F79EFBC}") = "Node.Net", "Node.Net\Node.Net.csproj", "{CD9926A1-AF51-4D3B-8AD9-81948B4F46EF}"
EndProject
Project("{2150E333-8FDC-42A3-9474-1A3956D46DE8}") = "Solution Items", "Solution Items", "{D21FA081-6FBD-4D74-ADC2-B7C3F7F869D1}"
	ProjectSection(SolutionItems) = preProject
		.gitignore = .gitignore
		appveyor.yml = appveyor.yml
		LICENSE = LICENSE
		Node.Net.nuspec = Node.Net.nuspec
		rakefile.rb = rakefile.rb
		README.md = README.md
	EndProjectSection
EndProject
Project("{FAE04EC0-301F-11D3-BF4B-00C04F79EFBC}") = "Node.Net.Test", "Node.Net.Test\Node.Net.Test.csproj", "{E9A264F6-0AD4-4580-AC98-AB57FA540C89}"
EndProject
Project("{FAE04EC0-301F-11D3-BF4B-00C04F79EFBC}") = "Node.Net.Profile", "Node.Net.Profile\Node.Net.Profile.csproj", "{F56FC23C-C39C-42B3-8A7E-72DB13D8A282}"
EndProject
Project("{FAE04EC0-301F-11D3-BF4B-00C04F79EFBC}") = "Node.Net.Benchmark", "Node.Net.Benchmark\Node.Net.Benchmark.csproj", "{F1F7DBB2-FC91-470A-8A04-3C244602FAE3}"
EndProject
Project("{FAE04EC0-301F-11D3-BF4B-00C04F79EFBC}") = "Benchmark", "Benchmark\Benchmark.csproj", "{48795579-3DEA-46A8-893E-FCB551E89D14}"
EndProject
Global
	GlobalSection(Performance) = preSolution
		HasPerformanceSessions = true
	EndGlobalSection
	GlobalSection(SolutionConfigurationPlatforms) = preSolution
		Debug|Any CPU = Debug|Any CPU
		Release|Any CPU = Release|Any CPU
	EndGlobalSection
	GlobalSection(ProjectConfigurationPlatforms) = postSolution
		{CD9926A1-AF51-4D3B-8AD9-81948B4F46EF}.Debug|Any CPU.ActiveCfg = Debug|Any CPU
		{CD9926A1-AF51-4D3B-8AD9-81948B4F46EF}.Debug|Any CPU.Build.0 = Debug|Any CPU
		{CD9926A1-AF51-4D3B-8AD9-81948B4F46EF}.Release|Any CPU.ActiveCfg = Release|Any CPU
		{CD9926A1-AF51-4D3B-8AD9-81948B4F46EF}.Release|Any CPU.Build.0 = Release|Any CPU
		{E9A264F6-0AD4-4580-AC98-AB57FA540C89}.Debug|Any CPU.ActiveCfg = Debug|Any CPU
		{E9A264F6-0AD4-4580-AC98-AB57FA540C89}.Debug|Any CPU.Build.0 = Debug|Any CPU
		{E9A264F6-0AD4-4580-AC98-AB57FA540C89}.Release|Any CPU.ActiveCfg = Release|Any CPU
		{E9A264F6-0AD4-4580-AC98-AB57FA540C89}.Release|Any CPU.Build.0 = Release|Any CPU
		{F56FC23C-C39C-42B3-8A7E-72DB13D8A282}.Debug|Any CPU.ActiveCfg = Debug|Any CPU
		{F56FC23C-C39C-42B3-8A7E-72DB13D8A282}.Debug|Any CPU.Build.0 = Debug|Any CPU
		{F56FC23C-C39C-42B3-8A7E-72DB13D8A282}.Release|Any CPU.ActiveCfg = Release|Any CPU
		{F56FC23C-C39C-42B3-8A7E-72DB13D8A282}.Release|Any CPU.Build.0 = Release|Any CPU
		{F1F7DBB2-FC91-470A-8A04-3C244602FAE3}.Debug|Any CPU.ActiveCfg = Debug|Any CPU
		{F1F7DBB2-FC91-470A-8A04-3C244602FAE3}.Debug|Any CPU.Build.0 = Debug|Any CPU
		{F1F7DBB2-FC91-470A-8A04-3C244602FAE3}.Release|Any CPU.ActiveCfg = Release|Any CPU
		{F1F7DBB2-FC91-470A-8A04-3C244602FAE3}.Release|Any CPU.Build.0 = Release|Any CPU
		{48795579-3DEA-46A8-893E-FCB551E89D14}.Debug|Any CPU.ActiveCfg = Debug|Any CPU
		{48795579-3DEA-46A8-893E-FCB551E89D14}.Debug|Any CPU.Build.0 = Debug|Any CPU
		{48795579-3DEA-46A8-893E-FCB551E89D14}.Release|Any CPU.ActiveCfg = Release|Any CPU
		{48795579-3DEA-46A8-893E-FCB551E89D14}.Release|Any CPU.Build.0 = Release|Any CPU
	EndGlobalSection
	GlobalSection(SolutionProperties) = preSolution
		HideSolutionNode = FALSE
	EndGlobalSection
	GlobalSection(Performance) = preSolution
		HasPerformanceSessions = true
	EndGlobalSection
	GlobalSection(Performance) = preSolution
		HasPerformanceSessions = true
	EndGlobalSection
EndGlobal
