
Microsoft Visual Studio Solution File, Format Version 12.00
# Visual Studio 15
VisualStudioVersion = 15.0.27130.2027
MinimumVisualStudioVersion = 10.0.40219.1
Project("{2150E333-8FDC-42A3-9474-1A3956D46DE8}") = "Solution Items", "Solution Items", "{1CB004CB-2DD7-4EBC-B36E-530CE81FB1D0}"
	ProjectSection(SolutionItems) = preProject
		.gitignore = .gitignore
		appveyor.yml = appveyor.yml
		LICENSE.txt = LICENSE.txt
		Node.Net.nuspec = Node.Net.nuspec
		rakefile.rb = rakefile.rb
		README.md = README.md
	EndProjectSection
EndProject
Project("{FAE04EC0-301F-11D3-BF4B-00C04F79EFBC}") = "Node.Net.NETFramework4.6", "src\Node.Net\Node.Net.NETFramework4.6.csproj", "{F29B2594-8A0B-4521-BB96-3DA2A5D578A0}"
EndProject
Project("{FAE04EC0-301F-11D3-BF4B-00C04F79EFBC}") = "Node.Net.Test.NETFramework4.6", "src\Node.Net.Test\Node.Net.Test.NETFramework4.6.csproj", "{89742391-8CFF-4BE8-8CC7-F5095EA00E62}"
EndProject
Global
	GlobalSection(SolutionConfigurationPlatforms) = preSolution
		Debug|Any CPU = Debug|Any CPU
		Release|Any CPU = Release|Any CPU
	EndGlobalSection
	GlobalSection(ProjectConfigurationPlatforms) = postSolution
		{F29B2594-8A0B-4521-BB96-3DA2A5D578A0}.Debug|Any CPU.ActiveCfg = Debug|Any CPU
		{F29B2594-8A0B-4521-BB96-3DA2A5D578A0}.Debug|Any CPU.Build.0 = Debug|Any CPU
		{F29B2594-8A0B-4521-BB96-3DA2A5D578A0}.Release|Any CPU.ActiveCfg = Release|Any CPU
		{F29B2594-8A0B-4521-BB96-3DA2A5D578A0}.Release|Any CPU.Build.0 = Release|Any CPU
		{89742391-8CFF-4BE8-8CC7-F5095EA00E62}.Debug|Any CPU.ActiveCfg = Debug|Any CPU
		{89742391-8CFF-4BE8-8CC7-F5095EA00E62}.Debug|Any CPU.Build.0 = Debug|Any CPU
		{89742391-8CFF-4BE8-8CC7-F5095EA00E62}.Release|Any CPU.ActiveCfg = Release|Any CPU
		{89742391-8CFF-4BE8-8CC7-F5095EA00E62}.Release|Any CPU.Build.0 = Release|Any CPU
	EndGlobalSection
	GlobalSection(SolutionProperties) = preSolution
		HideSolutionNode = FALSE
	EndGlobalSection
	GlobalSection(ExtensibilityGlobals) = postSolution
		SolutionGuid = {6AE9AB61-454A-4EDF-AAB5-A0F13C11B9A1}
	EndGlobalSection
EndGlobal
